// !$*UTF8*$!
{
	archiveVersion = 1;
	classes = {
	};
	objectVersion = 46;
	objects = {

/* Begin PBXBuildFile section */
		3DD625C417E7AEE3D5437D37 /* Pods_ibve.framework in Frameworks */ = {isa = PBXBuildFile; fileRef = E5428F119D5977A8A0F00AEE /* Pods_ibve.framework */; };
		EB17F7311D5AF490004C02C5 /* StatusCell.swift in Sources */ = {isa = PBXBuildFile; fileRef = EB17F7301D5AF490004C02C5 /* StatusCell.swift */; };
		EB17F7331D5AF4B3004C02C5 /* StatusRetweetedCell.xib in Resources */ = {isa = PBXBuildFile; fileRef = EB17F7321D5AF4B3004C02C5 /* StatusRetweetedCell.xib */; };
		EB17F7351D5AF4C2004C02C5 /* StatusNormalCell.xib in Resources */ = {isa = PBXBuildFile; fileRef = EB17F7341D5AF4C2004C02C5 /* StatusNormalCell.xib */; };
		EB17F7371D5B08F5004C02C5 /* UIImageView+WebImageView.swift in Sources */ = {isa = PBXBuildFile; fileRef = EB17F7361D5B08F5004C02C5 /* UIImageView+WebImageView.swift */; };
		EB35BBF21D59779100E561F0 /* StatusListViewModel.swift in Sources */ = {isa = PBXBuildFile; fileRef = EB35BBF11D59779100E561F0 /* StatusListViewModel.swift */; };
		EB35BBF41D597D4F00E561F0 /* StatusViewModel.swift in Sources */ = {isa = PBXBuildFile; fileRef = EB35BBF31D597D4F00E561F0 /* StatusViewModel.swift */; };
		EB35BBF61D597D6F00E561F0 /* StatusListDAL.swift in Sources */ = {isa = PBXBuildFile; fileRef = EB35BBF51D597D6F00E561F0 /* StatusListDAL.swift */; };
		EB3A8F0D1D585EBC009CC4CD /* CZHumanRefreshView.xib in Resources */ = {isa = PBXBuildFile; fileRef = EB3A8F071D585EBC009CC4CD /* CZHumanRefreshView.xib */; };
		EB3A8F0E1D585EBC009CC4CD /* CZMeituanRefreshView.swift in Sources */ = {isa = PBXBuildFile; fileRef = EB3A8F081D585EBC009CC4CD /* CZMeituanRefreshView.swift */; };
		EB3A8F0F1D585EBC009CC4CD /* CZMeituanRefreshView.xib in Resources */ = {isa = PBXBuildFile; fileRef = EB3A8F091D585EBC009CC4CD /* CZMeituanRefreshView.xib */; };
		EB3A8F101D585EBC009CC4CD /* CZRefreshControl.swift in Sources */ = {isa = PBXBuildFile; fileRef = EB3A8F0A1D585EBC009CC4CD /* CZRefreshControl.swift */; };
		EB3A8F111D585EBC009CC4CD /* CZRefreshView.swift in Sources */ = {isa = PBXBuildFile; fileRef = EB3A8F0B1D585EBC009CC4CD /* CZRefreshView.swift */; };
		EB3A8F121D585EBC009CC4CD /* CZRefreshView.xib in Resources */ = {isa = PBXBuildFile; fileRef = EB3A8F0C1D585EBC009CC4CD /* CZRefreshView.xib */; };
		EB6F1D1D1D5B0C5E00CD362D /* UIImage+Extension.swift in Sources */ = {isa = PBXBuildFile; fileRef = EB6F1D1C1D5B0C5E00CD362D /* UIImage+Extension.swift */; };
		EB6F1D1F1D5B268B00CD362D /* StatusPictureView.swift in Sources */ = {isa = PBXBuildFile; fileRef = EB6F1D1E1D5B268B00CD362D /* StatusPictureView.swift */; };
		EB7CEE751D48909A001195AD /* Common.swift in Sources */ = {isa = PBXBuildFile; fileRef = EB7CEE741D48909A001195AD /* Common.swift */; };
		EB7CEE781D4894C0001195AD /* OAuthViewController.swift in Sources */ = {isa = PBXBuildFile; fileRef = EB7CEE771D4894C0001195AD /* OAuthViewController.swift */; };
		EB7CEE7A1D489D86001195AD /* UIBarButtonItem+Extensions.swift in Sources */ = {isa = PBXBuildFile; fileRef = EB7CEE791D489D86001195AD /* UIBarButtonItem+Extensions.swift */; };
		EB7CEE7C1D48B356001195AD /* NetworkManager.swift in Sources */ = {isa = PBXBuildFile; fileRef = EB7CEE7B1D48B356001195AD /* NetworkManager.swift */; };
		EB7CEE7E1D48B616001195AD /* UserAccount.swift in Sources */ = {isa = PBXBuildFile; fileRef = EB7CEE7D1D48B616001195AD /* UserAccount.swift */; };
		EB7E67D11D3CB73000C41B74 /* NSArray+Log.m in Sources */ = {isa = PBXBuildFile; fileRef = EB7E67B21D3CB73000C41B74 /* NSArray+Log.m */; };
		EB7E67D21D3CB73000C41B74 /* NSAttributedString+CZAdditon.m in Sources */ = {isa = PBXBuildFile; fileRef = EB7E67B41D3CB73000C41B74 /* NSAttributedString+CZAdditon.m */; };
		EB7E67D31D3CB73000C41B74 /* NSObject+CZRuntime.m in Sources */ = {isa = PBXBuildFile; fileRef = EB7E67B61D3CB73000C41B74 /* NSObject+CZRuntime.m */; };
		EB7E67D41D3CB73000C41B74 /* NSString+CZBase64.m in Sources */ = {isa = PBXBuildFile; fileRef = EB7E67B81D3CB73000C41B74 /* NSString+CZBase64.m */; };
		EB7E67D51D3CB73000C41B74 /* NSString+CZHash.m in Sources */ = {isa = PBXBuildFile; fileRef = EB7E67BA1D3CB73000C41B74 /* NSString+CZHash.m */; };
		EB7E67D61D3CB73000C41B74 /* NSString+CZPath.m in Sources */ = {isa = PBXBuildFile; fileRef = EB7E67BC1D3CB73000C41B74 /* NSString+CZPath.m */; };
		EB7E67D71D3CB73000C41B74 /* UIButton+CZAddition.m in Sources */ = {isa = PBXBuildFile; fileRef = EB7E67BE1D3CB73000C41B74 /* UIButton+CZAddition.m */; };
		EB7E67D81D3CB73000C41B74 /* UIColor+CZAddition.m in Sources */ = {isa = PBXBuildFile; fileRef = EB7E67C01D3CB73000C41B74 /* UIColor+CZAddition.m */; };
		EB7E67D91D3CB73000C41B74 /* UILabel+CZAddition.m in Sources */ = {isa = PBXBuildFile; fileRef = EB7E67C21D3CB73000C41B74 /* UILabel+CZAddition.m */; };
		EB7E67DA1D3CB73000C41B74 /* UIScreen+CZAddition.m in Sources */ = {isa = PBXBuildFile; fileRef = EB7E67C41D3CB73000C41B74 /* UIScreen+CZAddition.m */; };
		EB7E67DB1D3CB73000C41B74 /* UIView+CZAddition.m in Sources */ = {isa = PBXBuildFile; fileRef = EB7E67C61D3CB73000C41B74 /* UIView+CZAddition.m */; };
		EB7E67DC1D3CB73000C41B74 /* UIViewController+CZAddition.m in Sources */ = {isa = PBXBuildFile; fileRef = EB7E67C81D3CB73000C41B74 /* UIViewController+CZAddition.m */; };
		EB7E67DF1D3CB82800C41B74 /* HomeViewController.swift in Sources */ = {isa = PBXBuildFile; fileRef = EB7E67DE1D3CB82800C41B74 /* HomeViewController.swift */; };
		EBA454B61D4709B6005F7A60 /* MessageViewController.swift in Sources */ = {isa = PBXBuildFile; fileRef = EBA454B51D4709B6005F7A60 /* MessageViewController.swift */; };
		EBA454B81D4709D1005F7A60 /* DiscoverViewController.swift in Sources */ = {isa = PBXBuildFile; fileRef = EBA454B71D4709D1005F7A60 /* DiscoverViewController.swift */; };
		EBA454BA1D4709E7005F7A60 /* ProfileViewController.swift in Sources */ = {isa = PBXBuildFile; fileRef = EBA454B91D4709E7005F7A60 /* ProfileViewController.swift */; };
		EBAD3FA61D4754AD00557454 /* VisitorView.swift in Sources */ = {isa = PBXBuildFile; fileRef = EBAD3FA51D4754AD00557454 /* VisitorView.swift */; };
		EBCBC0341D59AB1600127C92 /* Status.swift in Sources */ = {isa = PBXBuildFile; fileRef = EBCBC0331D59AB1600127C92 /* Status.swift */; };
		EBCBC0361D59ABEF00127C92 /* User.swift in Sources */ = {isa = PBXBuildFile; fileRef = EBCBC0351D59ABEF00127C92 /* User.swift */; };
		EBCBC0381D59AC0100127C92 /* StatusPicture.swift in Sources */ = {isa = PBXBuildFile; fileRef = EBCBC0371D59AC0100127C92 /* StatusPicture.swift */; };
		EBCBC03A1D59ADB400127C92 /* String+Extension.swift in Sources */ = {isa = PBXBuildFile; fileRef = EBCBC0391D59ADB400127C92 /* String+Extension.swift */; };
		EBCBC03C1D59AE0500127C92 /* Date+Extension.swift in Sources */ = {isa = PBXBuildFile; fileRef = EBCBC03B1D59AE0500127C92 /* Date+Extension.swift */; };
		EBCBC04A1D59BE2D00127C92 /* CZEmoticonManager.swift in Sources */ = {isa = PBXBuildFile; fileRef = EBCBC03D1D59BE2D00127C92 /* CZEmoticonManager.swift */; };
		EBCBC04B1D59BE2D00127C92 /* HMEmoticon.bundle in Resources */ = {isa = PBXBuildFile; fileRef = EBCBC03E1D59BE2D00127C92 /* HMEmoticon.bundle */; };
		EBCBC04C1D59BE2D00127C92 /* CZEmoticon.swift in Sources */ = {isa = PBXBuildFile; fileRef = EBCBC0401D59BE2D00127C92 /* CZEmoticon.swift */; };
		EBCBC04D1D59BE2D00127C92 /* CZEmoticonAttachment.swift in Sources */ = {isa = PBXBuildFile; fileRef = EBCBC0411D59BE2D00127C92 /* CZEmoticonAttachment.swift */; };
		EBCBC04E1D59BE2D00127C92 /* CZEmoticonPackage.swift in Sources */ = {isa = PBXBuildFile; fileRef = EBCBC0421D59BE2D00127C92 /* CZEmoticonPackage.swift */; };
		EBCBC04F1D59BE2D00127C92 /* CZEmoticonCell.swift in Sources */ = {isa = PBXBuildFile; fileRef = EBCBC0441D59BE2D00127C92 /* CZEmoticonCell.swift */; };
		EBCBC0501D59BE2D00127C92 /* CZEmoticonInputView.swift in Sources */ = {isa = PBXBuildFile; fileRef = EBCBC0451D59BE2D00127C92 /* CZEmoticonInputView.swift */; };
		EBCBC0511D59BE2D00127C92 /* CZEmoticonInputView.xib in Resources */ = {isa = PBXBuildFile; fileRef = EBCBC0461D59BE2D00127C92 /* CZEmoticonInputView.xib */; };
		EBCBC0521D59BE2D00127C92 /* CZEmoticonLayout.swift in Sources */ = {isa = PBXBuildFile; fileRef = EBCBC0471D59BE2D00127C92 /* CZEmoticonLayout.swift */; };
		EBCBC0531D59BE2D00127C92 /* CZEmoticonTipView.swift in Sources */ = {isa = PBXBuildFile; fileRef = EBCBC0481D59BE2D00127C92 /* CZEmoticonTipView.swift */; };
		EBCBC0541D59BE2D00127C92 /* CZEmoticonToolbar.swift in Sources */ = {isa = PBXBuildFile; fileRef = EBCBC0491D59BE2D00127C92 /* CZEmoticonToolbar.swift */; };
		EBCE6F9C1D47334A00D1FDE6 /* NewFeatureView.swift in Sources */ = {isa = PBXBuildFile; fileRef = EBCE6F9B1D47334A00D1FDE6 /* NewFeatureView.swift */; };
		EBCE6F9E1D47337800D1FDE6 /* WelcomeView.swift in Sources */ = {isa = PBXBuildFile; fileRef = EBCE6F9D1D47337800D1FDE6 /* WelcomeView.swift */; };
		EBCE6FA01D4733B400D1FDE6 /* NewFeatureView.xib in Resources */ = {isa = PBXBuildFile; fileRef = EBCE6F9F1D4733B400D1FDE6 /* NewFeatureView.xib */; };
		EBCE6FA21D4733CC00D1FDE6 /* WelcomeView.xib in Resources */ = {isa = PBXBuildFile; fileRef = EBCE6FA11D4733CC00D1FDE6 /* WelcomeView.xib */; };
		EBDF616B1D35E3CC008927A5 /* AppDelegate.swift in Sources */ = {isa = PBXBuildFile; fileRef = EBDF616A1D35E3CC008927A5 /* AppDelegate.swift */; };
		EBDF61721D35E3CC008927A5 /* Assets.xcassets in Resources */ = {isa = PBXBuildFile; fileRef = EBDF61711D35E3CC008927A5 /* Assets.xcassets */; };
		EBDF61751D35E3CC008927A5 /* LaunchScreen.storyboard in Resources */ = {isa = PBXBuildFile; fileRef = EBDF61731D35E3CC008927A5 /* LaunchScreen.storyboard */; };
		EBDF61841D35F075008927A5 /* MainViewController.swift in Sources */ = {isa = PBXBuildFile; fileRef = EBDF61831D35F075008927A5 /* MainViewController.swift */; };
		EBDF61861D360EA6008927A5 /* main.json in Resources */ = {isa = PBXBuildFile; fileRef = EBDF61851D360EA6008927A5 /* main.json */; };
		EBDF61881D36223D008927A5 /* BaseViewController.swift in Sources */ = {isa = PBXBuildFile; fileRef = EBDF61871D36223D008927A5 /* BaseViewController.swift */; };
		EBDF618A1D362DF7008927A5 /* NavigationController.swift in Sources */ = {isa = PBXBuildFile; fileRef = EBDF61891D362DF7008927A5 /* NavigationController.swift */; };
		EBF0C9E31D4F1C5F009995D1 /* NetworkManager+extension.swift in Sources */ = {isa = PBXBuildFile; fileRef = EBF0C9E21D4F1C5F009995D1 /* NetworkManager+extension.swift */; };
/* End PBXBuildFile section */

/* Begin PBXFileReference section */
		08A00E5CEB9983F5C4C6E1C3 /* Pods-ibve.debug.xcconfig */ = {isa = PBXFileReference; includeInIndex = 1; lastKnownFileType = text.xcconfig; name = "Pods-ibve.debug.xcconfig"; path = "Pods/Target Support Files/Pods-ibve/Pods-ibve.debug.xcconfig"; sourceTree = "<group>"; };
		A54172B5299BBF9936C51665 /* Pods-ibve.release.xcconfig */ = {isa = PBXFileReference; includeInIndex = 1; lastKnownFileType = text.xcconfig; name = "Pods-ibve.release.xcconfig"; path = "Pods/Target Support Files/Pods-ibve/Pods-ibve.release.xcconfig"; sourceTree = "<group>"; };
		E5428F119D5977A8A0F00AEE /* Pods_ibve.framework */ = {isa = PBXFileReference; explicitFileType = wrapper.framework; includeInIndex = 0; path = Pods_ibve.framework; sourceTree = BUILT_PRODUCTS_DIR; };
		EB17F7301D5AF490004C02C5 /* StatusCell.swift */ = {isa = PBXFileReference; fileEncoding = 4; lastKnownFileType = sourcecode.swift; path = StatusCell.swift; sourceTree = "<group>"; };
		EB17F7321D5AF4B3004C02C5 /* StatusRetweetedCell.xib */ = {isa = PBXFileReference; fileEncoding = 4; lastKnownFileType = file.xib; path = StatusRetweetedCell.xib; sourceTree = "<group>"; };
		EB17F7341D5AF4C2004C02C5 /* StatusNormalCell.xib */ = {isa = PBXFileReference; fileEncoding = 4; lastKnownFileType = file.xib; path = StatusNormalCell.xib; sourceTree = "<group>"; };
		EB17F7361D5B08F5004C02C5 /* UIImageView+WebImageView.swift */ = {isa = PBXFileReference; fileEncoding = 4; lastKnownFileType = sourcecode.swift; path = "UIImageView+WebImageView.swift"; sourceTree = "<group>"; };
		EB35BBF11D59779100E561F0 /* StatusListViewModel.swift */ = {isa = PBXFileReference; fileEncoding = 4; lastKnownFileType = sourcecode.swift; path = StatusListViewModel.swift; sourceTree = "<group>"; };
		EB35BBF31D597D4F00E561F0 /* StatusViewModel.swift */ = {isa = PBXFileReference; fileEncoding = 4; lastKnownFileType = sourcecode.swift; name = StatusViewModel.swift; path = Assets.xcassets/StatusViewModel.swift; sourceTree = "<group>"; };
		EB35BBF51D597D6F00E561F0 /* StatusListDAL.swift */ = {isa = PBXFileReference; fileEncoding = 4; lastKnownFileType = sourcecode.swift; path = StatusListDAL.swift; sourceTree = "<group>"; };
		EB3A8F071D585EBC009CC4CD /* CZHumanRefreshView.xib */ = {isa = PBXFileReference; fileEncoding = 4; lastKnownFileType = file.xib; path = CZHumanRefreshView.xib; sourceTree = "<group>"; };
		EB3A8F081D585EBC009CC4CD /* CZMeituanRefreshView.swift */ = {isa = PBXFileReference; fileEncoding = 4; lastKnownFileType = sourcecode.swift; path = CZMeituanRefreshView.swift; sourceTree = "<group>"; };
		EB3A8F091D585EBC009CC4CD /* CZMeituanRefreshView.xib */ = {isa = PBXFileReference; fileEncoding = 4; lastKnownFileType = file.xib; path = CZMeituanRefreshView.xib; sourceTree = "<group>"; };
		EB3A8F0A1D585EBC009CC4CD /* CZRefreshControl.swift */ = {isa = PBXFileReference; fileEncoding = 4; lastKnownFileType = sourcecode.swift; path = CZRefreshControl.swift; sourceTree = "<group>"; };
		EB3A8F0B1D585EBC009CC4CD /* CZRefreshView.swift */ = {isa = PBXFileReference; fileEncoding = 4; lastKnownFileType = sourcecode.swift; path = CZRefreshView.swift; sourceTree = "<group>"; };
		EB3A8F0C1D585EBC009CC4CD /* CZRefreshView.xib */ = {isa = PBXFileReference; fileEncoding = 4; lastKnownFileType = file.xib; path = CZRefreshView.xib; sourceTree = "<group>"; };
		EB6F1D1C1D5B0C5E00CD362D /* UIImage+Extension.swift */ = {isa = PBXFileReference; fileEncoding = 4; lastKnownFileType = sourcecode.swift; path = "UIImage+Extension.swift"; sourceTree = "<group>"; };
		EB6F1D1E1D5B268B00CD362D /* StatusPictureView.swift */ = {isa = PBXFileReference; fileEncoding = 4; lastKnownFileType = sourcecode.swift; path = StatusPictureView.swift; sourceTree = "<group>"; };
		EB7CEE741D48909A001195AD /* Common.swift */ = {isa = PBXFileReference; fileEncoding = 4; lastKnownFileType = sourcecode.swift; path = Common.swift; sourceTree = "<group>"; };
		EB7CEE771D4894C0001195AD /* OAuthViewController.swift */ = {isa = PBXFileReference; fileEncoding = 4; lastKnownFileType = sourcecode.swift; path = OAuthViewController.swift; sourceTree = "<group>"; };
		EB7CEE791D489D86001195AD /* UIBarButtonItem+Extensions.swift */ = {isa = PBXFileReference; fileEncoding = 4; lastKnownFileType = sourcecode.swift; path = "UIBarButtonItem+Extensions.swift"; sourceTree = "<group>"; };
		EB7CEE7B1D48B356001195AD /* NetworkManager.swift */ = {isa = PBXFileReference; fileEncoding = 4; lastKnownFileType = sourcecode.swift; path = NetworkManager.swift; sourceTree = "<group>"; };
		EB7CEE7D1D48B616001195AD /* UserAccount.swift */ = {isa = PBXFileReference; fileEncoding = 4; lastKnownFileType = sourcecode.swift; path = UserAccount.swift; sourceTree = "<group>"; };
		EB7E67AF1D3CB73000C41B74 /* CZAdditions.h */ = {isa = PBXFileReference; fileEncoding = 4; lastKnownFileType = sourcecode.c.h; path = CZAdditions.h; sourceTree = "<group>"; };
		EB7E67B01D3CB73000C41B74 /* ibve-Bridging-Header.h */ = {isa = PBXFileReference; fileEncoding = 4; lastKnownFileType = sourcecode.c.h; name = "ibve-Bridging-Header.h"; path = "Additions/ibve-Bridging-Header.h"; sourceTree = "<group>"; };
		EB7E67B11D3CB73000C41B74 /* NSArray+Log.h */ = {isa = PBXFileReference; fileEncoding = 4; lastKnownFileType = sourcecode.c.h; path = "NSArray+Log.h"; sourceTree = "<group>"; };
		EB7E67B21D3CB73000C41B74 /* NSArray+Log.m */ = {isa = PBXFileReference; fileEncoding = 4; lastKnownFileType = sourcecode.c.objc; path = "NSArray+Log.m"; sourceTree = "<group>"; };
		EB7E67B31D3CB73000C41B74 /* NSAttributedString+CZAdditon.h */ = {isa = PBXFileReference; fileEncoding = 4; lastKnownFileType = sourcecode.c.h; path = "NSAttributedString+CZAdditon.h"; sourceTree = "<group>"; };
		EB7E67B41D3CB73000C41B74 /* NSAttributedString+CZAdditon.m */ = {isa = PBXFileReference; fileEncoding = 4; lastKnownFileType = sourcecode.c.objc; path = "NSAttributedString+CZAdditon.m"; sourceTree = "<group>"; };
		EB7E67B51D3CB73000C41B74 /* NSObject+CZRuntime.h */ = {isa = PBXFileReference; fileEncoding = 4; lastKnownFileType = sourcecode.c.h; path = "NSObject+CZRuntime.h"; sourceTree = "<group>"; };
		EB7E67B61D3CB73000C41B74 /* NSObject+CZRuntime.m */ = {isa = PBXFileReference; fileEncoding = 4; lastKnownFileType = sourcecode.c.objc; path = "NSObject+CZRuntime.m"; sourceTree = "<group>"; };
		EB7E67B71D3CB73000C41B74 /* NSString+CZBase64.h */ = {isa = PBXFileReference; fileEncoding = 4; lastKnownFileType = sourcecode.c.h; path = "NSString+CZBase64.h"; sourceTree = "<group>"; };
		EB7E67B81D3CB73000C41B74 /* NSString+CZBase64.m */ = {isa = PBXFileReference; fileEncoding = 4; lastKnownFileType = sourcecode.c.objc; path = "NSString+CZBase64.m"; sourceTree = "<group>"; };
		EB7E67B91D3CB73000C41B74 /* NSString+CZHash.h */ = {isa = PBXFileReference; fileEncoding = 4; lastKnownFileType = sourcecode.c.h; path = "NSString+CZHash.h"; sourceTree = "<group>"; };
		EB7E67BA1D3CB73000C41B74 /* NSString+CZHash.m */ = {isa = PBXFileReference; fileEncoding = 4; lastKnownFileType = sourcecode.c.objc; path = "NSString+CZHash.m"; sourceTree = "<group>"; };
		EB7E67BB1D3CB73000C41B74 /* NSString+CZPath.h */ = {isa = PBXFileReference; fileEncoding = 4; lastKnownFileType = sourcecode.c.h; path = "NSString+CZPath.h"; sourceTree = "<group>"; };
		EB7E67BC1D3CB73000C41B74 /* NSString+CZPath.m */ = {isa = PBXFileReference; fileEncoding = 4; lastKnownFileType = sourcecode.c.objc; path = "NSString+CZPath.m"; sourceTree = "<group>"; };
		EB7E67BD1D3CB73000C41B74 /* UIButton+CZAddition.h */ = {isa = PBXFileReference; fileEncoding = 4; lastKnownFileType = sourcecode.c.h; path = "UIButton+CZAddition.h"; sourceTree = "<group>"; };
		EB7E67BE1D3CB73000C41B74 /* UIButton+CZAddition.m */ = {isa = PBXFileReference; fileEncoding = 4; lastKnownFileType = sourcecode.c.objc; path = "UIButton+CZAddition.m"; sourceTree = "<group>"; };
		EB7E67BF1D3CB73000C41B74 /* UIColor+CZAddition.h */ = {isa = PBXFileReference; fileEncoding = 4; lastKnownFileType = sourcecode.c.h; path = "UIColor+CZAddition.h"; sourceTree = "<group>"; };
		EB7E67C01D3CB73000C41B74 /* UIColor+CZAddition.m */ = {isa = PBXFileReference; fileEncoding = 4; lastKnownFileType = sourcecode.c.objc; path = "UIColor+CZAddition.m"; sourceTree = "<group>"; };
		EB7E67C11D3CB73000C41B74 /* UILabel+CZAddition.h */ = {isa = PBXFileReference; fileEncoding = 4; lastKnownFileType = sourcecode.c.h; path = "UILabel+CZAddition.h"; sourceTree = "<group>"; };
		EB7E67C21D3CB73000C41B74 /* UILabel+CZAddition.m */ = {isa = PBXFileReference; fileEncoding = 4; lastKnownFileType = sourcecode.c.objc; path = "UILabel+CZAddition.m"; sourceTree = "<group>"; };
		EB7E67C31D3CB73000C41B74 /* UIScreen+CZAddition.h */ = {isa = PBXFileReference; fileEncoding = 4; lastKnownFileType = sourcecode.c.h; path = "UIScreen+CZAddition.h"; sourceTree = "<group>"; };
		EB7E67C41D3CB73000C41B74 /* UIScreen+CZAddition.m */ = {isa = PBXFileReference; fileEncoding = 4; lastKnownFileType = sourcecode.c.objc; path = "UIScreen+CZAddition.m"; sourceTree = "<group>"; };
		EB7E67C51D3CB73000C41B74 /* UIView+CZAddition.h */ = {isa = PBXFileReference; fileEncoding = 4; lastKnownFileType = sourcecode.c.h; path = "UIView+CZAddition.h"; sourceTree = "<group>"; };
		EB7E67C61D3CB73000C41B74 /* UIView+CZAddition.m */ = {isa = PBXFileReference; fileEncoding = 4; lastKnownFileType = sourcecode.c.objc; path = "UIView+CZAddition.m"; sourceTree = "<group>"; };
		EB7E67C71D3CB73000C41B74 /* UIViewController+CZAddition.h */ = {isa = PBXFileReference; fileEncoding = 4; lastKnownFileType = sourcecode.c.h; path = "UIViewController+CZAddition.h"; sourceTree = "<group>"; };
		EB7E67C81D3CB73000C41B74 /* UIViewController+CZAddition.m */ = {isa = PBXFileReference; fileEncoding = 4; lastKnownFileType = sourcecode.c.objc; path = "UIViewController+CZAddition.m"; sourceTree = "<group>"; };
		EB7E67DE1D3CB82800C41B74 /* HomeViewController.swift */ = {isa = PBXFileReference; fileEncoding = 4; lastKnownFileType = sourcecode.swift; path = HomeViewController.swift; sourceTree = "<group>"; };
		EBA454B51D4709B6005F7A60 /* MessageViewController.swift */ = {isa = PBXFileReference; fileEncoding = 4; lastKnownFileType = sourcecode.swift; path = MessageViewController.swift; sourceTree = "<group>"; };
		EBA454B71D4709D1005F7A60 /* DiscoverViewController.swift */ = {isa = PBXFileReference; fileEncoding = 4; lastKnownFileType = sourcecode.swift; path = DiscoverViewController.swift; sourceTree = "<group>"; };
		EBA454B91D4709E7005F7A60 /* ProfileViewController.swift */ = {isa = PBXFileReference; fileEncoding = 4; lastKnownFileType = sourcecode.swift; path = ProfileViewController.swift; sourceTree = "<group>"; };
		EBAD3FA51D4754AD00557454 /* VisitorView.swift */ = {isa = PBXFileReference; fileEncoding = 4; lastKnownFileType = sourcecode.swift; path = VisitorView.swift; sourceTree = "<group>"; };
		EBCBC0331D59AB1600127C92 /* Status.swift */ = {isa = PBXFileReference; fileEncoding = 4; lastKnownFileType = sourcecode.swift; path = Status.swift; sourceTree = "<group>"; };
		EBCBC0351D59ABEF00127C92 /* User.swift */ = {isa = PBXFileReference; fileEncoding = 4; lastKnownFileType = sourcecode.swift; path = User.swift; sourceTree = "<group>"; };
		EBCBC0371D59AC0100127C92 /* StatusPicture.swift */ = {isa = PBXFileReference; fileEncoding = 4; lastKnownFileType = sourcecode.swift; path = StatusPicture.swift; sourceTree = "<group>"; };
		EBCBC0391D59ADB400127C92 /* String+Extension.swift */ = {isa = PBXFileReference; fileEncoding = 4; lastKnownFileType = sourcecode.swift; path = "String+Extension.swift"; sourceTree = "<group>"; };
		EBCBC03B1D59AE0500127C92 /* Date+Extension.swift */ = {isa = PBXFileReference; fileEncoding = 4; lastKnownFileType = sourcecode.swift; path = "Date+Extension.swift"; sourceTree = "<group>"; };
		EBCBC03D1D59BE2D00127C92 /* CZEmoticonManager.swift */ = {isa = PBXFileReference; fileEncoding = 4; lastKnownFileType = sourcecode.swift; path = CZEmoticonManager.swift; sourceTree = "<group>"; };
		EBCBC03E1D59BE2D00127C92 /* HMEmoticon.bundle */ = {isa = PBXFileReference; lastKnownFileType = "wrapper.plug-in"; path = HMEmoticon.bundle; sourceTree = "<group>"; };
		EBCBC0401D59BE2D00127C92 /* CZEmoticon.swift */ = {isa = PBXFileReference; fileEncoding = 4; lastKnownFileType = sourcecode.swift; path = CZEmoticon.swift; sourceTree = "<group>"; };
		EBCBC0411D59BE2D00127C92 /* CZEmoticonAttachment.swift */ = {isa = PBXFileReference; fileEncoding = 4; lastKnownFileType = sourcecode.swift; path = CZEmoticonAttachment.swift; sourceTree = "<group>"; };
		EBCBC0421D59BE2D00127C92 /* CZEmoticonPackage.swift */ = {isa = PBXFileReference; fileEncoding = 4; lastKnownFileType = sourcecode.swift; path = CZEmoticonPackage.swift; sourceTree = "<group>"; };
		EBCBC0441D59BE2D00127C92 /* CZEmoticonCell.swift */ = {isa = PBXFileReference; fileEncoding = 4; lastKnownFileType = sourcecode.swift; path = CZEmoticonCell.swift; sourceTree = "<group>"; };
		EBCBC0451D59BE2D00127C92 /* CZEmoticonInputView.swift */ = {isa = PBXFileReference; fileEncoding = 4; lastKnownFileType = sourcecode.swift; path = CZEmoticonInputView.swift; sourceTree = "<group>"; };
		EBCBC0461D59BE2D00127C92 /* CZEmoticonInputView.xib */ = {isa = PBXFileReference; fileEncoding = 4; lastKnownFileType = file.xib; path = CZEmoticonInputView.xib; sourceTree = "<group>"; };
		EBCBC0471D59BE2D00127C92 /* CZEmoticonLayout.swift */ = {isa = PBXFileReference; fileEncoding = 4; lastKnownFileType = sourcecode.swift; path = CZEmoticonLayout.swift; sourceTree = "<group>"; };
		EBCBC0481D59BE2D00127C92 /* CZEmoticonTipView.swift */ = {isa = PBXFileReference; fileEncoding = 4; lastKnownFileType = sourcecode.swift; path = CZEmoticonTipView.swift; sourceTree = "<group>"; };
		EBCBC0491D59BE2D00127C92 /* CZEmoticonToolbar.swift */ = {isa = PBXFileReference; fileEncoding = 4; lastKnownFileType = sourcecode.swift; path = CZEmoticonToolbar.swift; sourceTree = "<group>"; };
		EBCE6F9B1D47334A00D1FDE6 /* NewFeatureView.swift */ = {isa = PBXFileReference; fileEncoding = 4; lastKnownFileType = sourcecode.swift; path = NewFeatureView.swift; sourceTree = "<group>"; };
		EBCE6F9D1D47337800D1FDE6 /* WelcomeView.swift */ = {isa = PBXFileReference; fileEncoding = 4; lastKnownFileType = sourcecode.swift; path = WelcomeView.swift; sourceTree = "<group>"; };
		EBCE6F9F1D4733B400D1FDE6 /* NewFeatureView.xib */ = {isa = PBXFileReference; fileEncoding = 4; lastKnownFileType = file.xib; path = NewFeatureView.xib; sourceTree = "<group>"; };
		EBCE6FA11D4733CC00D1FDE6 /* WelcomeView.xib */ = {isa = PBXFileReference; fileEncoding = 4; lastKnownFileType = file.xib; path = WelcomeView.xib; sourceTree = "<group>"; };
		EBDF61671D35E3CC008927A5 /* ibve.app */ = {isa = PBXFileReference; explicitFileType = wrapper.application; includeInIndex = 0; path = ibve.app; sourceTree = BUILT_PRODUCTS_DIR; };
		EBDF616A1D35E3CC008927A5 /* AppDelegate.swift */ = {isa = PBXFileReference; lastKnownFileType = sourcecode.swift; path = AppDelegate.swift; sourceTree = "<group>"; };
		EBDF61711D35E3CC008927A5 /* Assets.xcassets */ = {isa = PBXFileReference; lastKnownFileType = folder.assetcatalog; path = Assets.xcassets; sourceTree = "<group>"; };
		EBDF61741D35E3CC008927A5 /* Base */ = {isa = PBXFileReference; lastKnownFileType = file.storyboard; name = Base; path = Base.lproj/LaunchScreen.storyboard; sourceTree = "<group>"; };
		EBDF61761D35E3CC008927A5 /* Info.plist */ = {isa = PBXFileReference; lastKnownFileType = text.plist.xml; path = Info.plist; sourceTree = "<group>"; };
		EBDF61831D35F075008927A5 /* MainViewController.swift */ = {isa = PBXFileReference; fileEncoding = 4; lastKnownFileType = sourcecode.swift; path = MainViewController.swift; sourceTree = "<group>"; };
		EBDF61851D360EA6008927A5 /* main.json */ = {isa = PBXFileReference; fileEncoding = 4; lastKnownFileType = text.json; path = main.json; sourceTree = "<group>"; };
		EBDF61871D36223D008927A5 /* BaseViewController.swift */ = {isa = PBXFileReference; fileEncoding = 4; lastKnownFileType = sourcecode.swift; path = BaseViewController.swift; sourceTree = "<group>"; };
		EBDF61891D362DF7008927A5 /* NavigationController.swift */ = {isa = PBXFileReference; fileEncoding = 4; lastKnownFileType = sourcecode.swift; path = NavigationController.swift; sourceTree = "<group>"; };
		EBF0C9E21D4F1C5F009995D1 /* NetworkManager+extension.swift */ = {isa = PBXFileReference; fileEncoding = 4; lastKnownFileType = sourcecode.swift; name = "NetworkManager+extension.swift"; path = "Model/NetworkManager+extension.swift"; sourceTree = "<group>"; };
/* End PBXFileReference section */

/* Begin PBXFrameworksBuildPhase section */
		EBDF61641D35E3CC008927A5 /* Frameworks */ = {
			isa = PBXFrameworksBuildPhase;
			buildActionMask = 2147483647;
			files = (
				3DD625C417E7AEE3D5437D37 /* Pods_ibve.framework in Frameworks */,
			);
			runOnlyForDeploymentPostprocessing = 0;
		};
/* End PBXFrameworksBuildPhase section */

/* Begin PBXGroup section */
		622B9411132604BCD843133E /* Pods */ = {
			isa = PBXGroup;
			children = (
				08A00E5CEB9983F5C4C6E1C3 /* Pods-ibve.debug.xcconfig */,
				A54172B5299BBF9936C51665 /* Pods-ibve.release.xcconfig */,
			);
			name = Pods;
			sourceTree = "<group>";
		};
		B6D14F1F4FFFEF77C58208C7 /* Frameworks */ = {
			isa = PBXGroup;
			children = (
				E5428F119D5977A8A0F00AEE /* Pods_ibve.framework */,
			);
			name = Frameworks;
			sourceTree = "<group>";
		};
		EB17F72F1D5AF418004C02C5 /* StatusCell */ = {
			isa = PBXGroup;
			children = (
				EB17F7301D5AF490004C02C5 /* StatusCell.swift */,
				EB6F1D1E1D5B268B00CD362D /* StatusPictureView.swift */,
				EB17F7341D5AF4C2004C02C5 /* StatusNormalCell.xib */,
				EB17F7321D5AF4B3004C02C5 /* StatusRetweetedCell.xib */,
			);
			name = StatusCell;
			sourceTree = "<group>";
		};
		EB3A8F051D585EBC009CC4CD /* UI框架 */ = {
			isa = PBXGroup;
			children = (
				EB3A8F061D585EBC009CC4CD /* CZRefreshControl */,
			);
			path = "UI框架";
			sourceTree = "<group>";
		};
		EB3A8F061D585EBC009CC4CD /* CZRefreshControl */ = {
			isa = PBXGroup;
			children = (
				EB3A8F071D585EBC009CC4CD /* CZHumanRefreshView.xib */,
				EB3A8F081D585EBC009CC4CD /* CZMeituanRefreshView.swift */,
				EB3A8F091D585EBC009CC4CD /* CZMeituanRefreshView.xib */,
				EB3A8F0A1D585EBC009CC4CD /* CZRefreshControl.swift */,
				EB3A8F0B1D585EBC009CC4CD /* CZRefreshView.swift */,
				EB3A8F0C1D585EBC009CC4CD /* CZRefreshView.xib */,
			);
			path = CZRefreshControl;
			sourceTree = "<group>";
		};
		EB7CEE761D48948A001195AD /* OAuth */ = {
			isa = PBXGroup;
			children = (
				EB7CEE771D4894C0001195AD /* OAuthViewController.swift */,
			);
			name = OAuth;
			sourceTree = "<group>";
		};
		EB7E677A1D3CB6EC00C41B74 /* Discover */ = {
			isa = PBXGroup;
			children = (
				EBA454B71D4709D1005F7A60 /* DiscoverViewController.swift */,
			);
			name = Discover;
			path = Controller/Discover;
			sourceTree = "<group>";
		};
		EB7E677B1D3CB6EC00C41B74 /* Home */ = {
			isa = PBXGroup;
			children = (
				EB17F72F1D5AF418004C02C5 /* StatusCell */,
				EB7E67DE1D3CB82800C41B74 /* HomeViewController.swift */,
			);
			name = Home;
			path = Controller/Home;
			sourceTree = "<group>";
		};
		EB7E677C1D3CB6EC00C41B74 /* Message */ = {
			isa = PBXGroup;
			children = (
				EBA454B51D4709B6005F7A60 /* MessageViewController.swift */,
			);
			name = Message;
			path = Controller/Message;
			sourceTree = "<group>";
		};
		EB7E67AD1D3CB73000C41B74 /* tools */ = {
			isa = PBXGroup;
			children = (
				EB3A8F051D585EBC009CC4CD /* UI框架 */,
				EB7E67B01D3CB73000C41B74 /* ibve-Bridging-Header.h */,
				EB7E67AE1D3CB73000C41B74 /* Additions */,
				EB7E67CA1D3CB73000C41B74 /* Emoticon */,
				EB7E67CD1D3CB73000C41B74 /* Extensions */,
				EB7E67CE1D3CB73000C41B74 /* FFLabel */,
				EB7E67CF1D3CB73000C41B74 /* Network */,
			);
			path = tools;
			sourceTree = "<group>";
		};
		EB7E67AE1D3CB73000C41B74 /* Additions */ = {
			isa = PBXGroup;
			children = (
				EB7E67AF1D3CB73000C41B74 /* CZAdditions.h */,
				EB7E67B11D3CB73000C41B74 /* NSArray+Log.h */,
				EB7E67B21D3CB73000C41B74 /* NSArray+Log.m */,
				EB7E67B31D3CB73000C41B74 /* NSAttributedString+CZAdditon.h */,
				EB7E67B41D3CB73000C41B74 /* NSAttributedString+CZAdditon.m */,
				EB7E67B51D3CB73000C41B74 /* NSObject+CZRuntime.h */,
				EB7E67B61D3CB73000C41B74 /* NSObject+CZRuntime.m */,
				EB7E67B71D3CB73000C41B74 /* NSString+CZBase64.h */,
				EB7E67B81D3CB73000C41B74 /* NSString+CZBase64.m */,
				EB7E67B91D3CB73000C41B74 /* NSString+CZHash.h */,
				EB7E67BA1D3CB73000C41B74 /* NSString+CZHash.m */,
				EB7E67BB1D3CB73000C41B74 /* NSString+CZPath.h */,
				EB7E67BC1D3CB73000C41B74 /* NSString+CZPath.m */,
				EB7E67BD1D3CB73000C41B74 /* UIButton+CZAddition.h */,
				EB7E67BE1D3CB73000C41B74 /* UIButton+CZAddition.m */,
				EB7E67BF1D3CB73000C41B74 /* UIColor+CZAddition.h */,
				EB7E67C01D3CB73000C41B74 /* UIColor+CZAddition.m */,
				EB7E67C11D3CB73000C41B74 /* UILabel+CZAddition.h */,
				EB7E67C21D3CB73000C41B74 /* UILabel+CZAddition.m */,
				EB7E67C31D3CB73000C41B74 /* UIScreen+CZAddition.h */,
				EB7E67C41D3CB73000C41B74 /* UIScreen+CZAddition.m */,
				EB7E67C51D3CB73000C41B74 /* UIView+CZAddition.h */,
				EB7E67C61D3CB73000C41B74 /* UIView+CZAddition.m */,
				EB7E67C71D3CB73000C41B74 /* UIViewController+CZAddition.h */,
				EB7E67C81D3CB73000C41B74 /* UIViewController+CZAddition.m */,
			);
			path = Additions;
			sourceTree = "<group>";
		};
		EB7E67CA1D3CB73000C41B74 /* Emoticon */ = {
			isa = PBXGroup;
			children = (
				EBCBC03D1D59BE2D00127C92 /* CZEmoticonManager.swift */,
				EBCBC03E1D59BE2D00127C92 /* HMEmoticon.bundle */,
				EBCBC03F1D59BE2D00127C92 /* Model */,
				EBCBC0431D59BE2D00127C92 /* View */,
			);
			path = Emoticon;
			sourceTree = "<group>";
		};
		EB7E67CD1D3CB73000C41B74 /* Extensions */ = {
			isa = PBXGroup;
			children = (
				EB7CEE791D489D86001195AD /* UIBarButtonItem+Extensions.swift */,
				EBCBC0391D59ADB400127C92 /* String+Extension.swift */,
				EBCBC03B1D59AE0500127C92 /* Date+Extension.swift */,
				EB17F7361D5B08F5004C02C5 /* UIImageView+WebImageView.swift */,
				EB6F1D1C1D5B0C5E00CD362D /* UIImage+Extension.swift */,
			);
			path = Extensions;
			sourceTree = "<group>";
		};
		EB7E67CE1D3CB73000C41B74 /* FFLabel */ = {
			isa = PBXGroup;
			children = (
			);
			path = FFLabel;
			sourceTree = "<group>";
		};
		EB7E67CF1D3CB73000C41B74 /* Network */ = {
			isa = PBXGroup;
			children = (
				EB7E67D01D3CB73000C41B74 /* Model */,
				EB7CEE7B1D48B356001195AD /* NetworkManager.swift */,
				EBF0C9E21D4F1C5F009995D1 /* NetworkManager+extension.swift */,
			);
			path = Network;
			sourceTree = "<group>";
		};
		EB7E67D01D3CB73000C41B74 /* Model */ = {
			isa = PBXGroup;
			children = (
				EB7CEE7D1D48B616001195AD /* UserAccount.swift */,
			);
			path = Model;
			sourceTree = "<group>";
		};
		EB7E67DD1D3CB73A00C41B74 /* Profile */ = {
			isa = PBXGroup;
			children = (
				EBA454B91D4709E7005F7A60 /* ProfileViewController.swift */,
			);
			name = Profile;
			path = Controller/Profile;
			sourceTree = "<group>";
		};
		EBAD3FA41D47545D00557454 /* VisitorView */ = {
			isa = PBXGroup;
			children = (
				EBAD3FA51D4754AD00557454 /* VisitorView.swift */,
			);
			name = VisitorView;
			sourceTree = "<group>";
		};
		EBCBC03F1D59BE2D00127C92 /* Model */ = {
			isa = PBXGroup;
			children = (
				EBCBC0401D59BE2D00127C92 /* CZEmoticon.swift */,
				EBCBC0411D59BE2D00127C92 /* CZEmoticonAttachment.swift */,
				EBCBC0421D59BE2D00127C92 /* CZEmoticonPackage.swift */,
			);
			path = Model;
			sourceTree = "<group>";
		};
		EBCBC0431D59BE2D00127C92 /* View */ = {
			isa = PBXGroup;
			children = (
				EBCBC0441D59BE2D00127C92 /* CZEmoticonCell.swift */,
				EBCBC0451D59BE2D00127C92 /* CZEmoticonInputView.swift */,
				EBCBC0461D59BE2D00127C92 /* CZEmoticonInputView.xib */,
				EBCBC0471D59BE2D00127C92 /* CZEmoticonLayout.swift */,
				EBCBC0481D59BE2D00127C92 /* CZEmoticonTipView.swift */,
				EBCBC0491D59BE2D00127C92 /* CZEmoticonToolbar.swift */,
			);
			path = View;
			sourceTree = "<group>";
		};
		EBCE6F9A1D4732C400D1FDE6 /* NewFeature */ = {
			isa = PBXGroup;
			children = (
				EBCE6F9B1D47334A00D1FDE6 /* NewFeatureView.swift */,
				EBCE6F9F1D4733B400D1FDE6 /* NewFeatureView.xib */,
				EBCE6F9D1D47337800D1FDE6 /* WelcomeView.swift */,
				EBCE6FA11D4733CC00D1FDE6 /* WelcomeView.xib */,
			);
			name = NewFeature;
			sourceTree = "<group>";
		};
		EBDF615E1D35E3CC008927A5 = {
			isa = PBXGroup;
			children = (
				EBDF61691D35E3CC008927A5 /* ibve */,
				EBDF61681D35E3CC008927A5 /* Products */,
				622B9411132604BCD843133E /* Pods */,
				B6D14F1F4FFFEF77C58208C7 /* Frameworks */,
			);
			sourceTree = "<group>";
		};
		EBDF61681D35E3CC008927A5 /* Products */ = {
			isa = PBXGroup;
			children = (
				EBDF61671D35E3CC008927A5 /* ibve.app */,
			);
			name = Products;
			sourceTree = "<group>";
		};
		EBDF61691D35E3CC008927A5 /* ibve */ = {
			isa = PBXGroup;
			children = (
				EBDF617D1D35EC7C008927A5 /* Classes */,
				EBDF616A1D35E3CC008927A5 /* AppDelegate.swift */,
				EBDF617C1D35E4A8008927A5 /* support file */,
			);
			path = ibve;
			sourceTree = "<group>";
		};
		EBDF617C1D35E4A8008927A5 /* support file */ = {
			isa = PBXGroup;
			children = (
				EBDF61711D35E3CC008927A5 /* Assets.xcassets */,
				EBDF61731D35E3CC008927A5 /* LaunchScreen.storyboard */,
				EBDF61761D35E3CC008927A5 /* Info.plist */,
			);
			name = "support file";
			sourceTree = "<group>";
		};
		EBDF617D1D35EC7C008927A5 /* Classes */ = {
			isa = PBXGroup;
			children = (
				EB7E67AD1D3CB73000C41B74 /* tools */,
				EBDF61801D35ECD8008927A5 /* Model */,
				EBDF617F1D35ECCB008927A5 /* ViewModel */,
				EBDF617E1D35ECC5008927A5 /* View */,
			);
			name = Classes;
			sourceTree = "<group>";
		};
		EBDF617E1D35ECC5008927A5 /* View */ = {
			isa = PBXGroup;
			children = (
				EB7E67DD1D3CB73A00C41B74 /* Profile */,
				EB7E677A1D3CB6EC00C41B74 /* Discover */,
				EB7E677B1D3CB6EC00C41B74 /* Home */,
				EB7E677C1D3CB6EC00C41B74 /* Message */,
				EBDF61821D35EFA7008927A5 /* main */,
				EB7CEE741D48909A001195AD /* Common.swift */,
			);
			name = View;
			sourceTree = "<group>";
		};
		EBDF617F1D35ECCB008927A5 /* ViewModel */ = {
			isa = PBXGroup;
			children = (
				EB35BBF11D59779100E561F0 /* StatusListViewModel.swift */,
				EB35BBF31D597D4F00E561F0 /* StatusViewModel.swift */,
				EB35BBF51D597D6F00E561F0 /* StatusListDAL.swift */,
			);
			name = ViewModel;
			sourceTree = "<group>";
		};
		EBDF61801D35ECD8008927A5 /* Model */ = {
			isa = PBXGroup;
			children = (
				EBCBC0331D59AB1600127C92 /* Status.swift */,
				EBCBC0351D59ABEF00127C92 /* User.swift */,
				EBCBC0371D59AC0100127C92 /* StatusPicture.swift */,
			);
			name = Model;
			sourceTree = "<group>";
		};
		EBDF61821D35EFA7008927A5 /* main */ = {
			isa = PBXGroup;
			children = (
				EB7CEE761D48948A001195AD /* OAuth */,
				EBAD3FA41D47545D00557454 /* VisitorView */,
				EBCE6F9A1D4732C400D1FDE6 /* NewFeature */,
				EBDF61851D360EA6008927A5 /* main.json */,
				EBDF61831D35F075008927A5 /* MainViewController.swift */,
				EBDF61871D36223D008927A5 /* BaseViewController.swift */,
				EBDF61891D362DF7008927A5 /* NavigationController.swift */,
			);
			name = main;
			sourceTree = "<group>";
		};
/* End PBXGroup section */

/* Begin PBXNativeTarget section */
		EBDF61661D35E3CC008927A5 /* ibve */ = {
			isa = PBXNativeTarget;
			buildConfigurationList = EBDF61791D35E3CC008927A5 /* Build configuration list for PBXNativeTarget "ibve" */;
			buildPhases = (
				8C758EF07312F7DF6BD022EC /* Check Pods Manifest.lock */,
				EBDF61631D35E3CC008927A5 /* Sources */,
				EBDF61641D35E3CC008927A5 /* Frameworks */,
				EBDF61651D35E3CC008927A5 /* Resources */,
				686A3E83361FD81EE352ADA4 /* Embed Pods Frameworks */,
				EC3B758141D11B0A184202F5 /* Copy Pods Resources */,
			);
			buildRules = (
			);
			dependencies = (
			);
			name = ibve;
			productName = ibve;
			productReference = EBDF61671D35E3CC008927A5 /* ibve.app */;
			productType = "com.apple.product-type.application";
		};
/* End PBXNativeTarget section */

/* Begin PBXProject section */
		EBDF615F1D35E3CC008927A5 /* Project object */ = {
			isa = PBXProject;
			attributes = {
				LastSwiftUpdateCheck = 0800;
				LastUpgradeCheck = 0800;
				ORGANIZATIONNAME = joker;
				TargetAttributes = {
					EBDF61661D35E3CC008927A5 = {
						CreatedOnToolsVersion = 8.0;
						DevelopmentTeam = ZWZANXUM79;
						DevelopmentTeamName = "ivy gavin (Personal Team)";
						LastSwiftMigration = 0800;
						ProvisioningStyle = Automatic;
					};
				};
			};
			buildConfigurationList = EBDF61621D35E3CC008927A5 /* Build configuration list for PBXProject "ibve" */;
			compatibilityVersion = "Xcode 3.2";
			developmentRegion = English;
			hasScannedForEncodings = 0;
			knownRegions = (
				en,
				Base,
			);
			mainGroup = EBDF615E1D35E3CC008927A5;
			productRefGroup = EBDF61681D35E3CC008927A5 /* Products */;
			projectDirPath = "";
			projectRoot = "";
			targets = (
				EBDF61661D35E3CC008927A5 /* ibve */,
			);
		};
/* End PBXProject section */

/* Begin PBXResourcesBuildPhase section */
		EBDF61651D35E3CC008927A5 /* Resources */ = {
			isa = PBXResourcesBuildPhase;
			buildActionMask = 2147483647;
			files = (
				EBCBC0511D59BE2D00127C92 /* CZEmoticonInputView.xib in Resources */,
				EBCE6FA01D4733B400D1FDE6 /* NewFeatureView.xib in Resources */,
				EB17F7351D5AF4C2004C02C5 /* StatusNormalCell.xib in Resources */,
				EB3A8F121D585EBC009CC4CD /* CZRefreshView.xib in Resources */,
				EBCE6FA21D4733CC00D1FDE6 /* WelcomeView.xib in Resources */,
				EB17F7331D5AF4B3004C02C5 /* StatusRetweetedCell.xib in Resources */,
				EBDF61861D360EA6008927A5 /* main.json in Resources */,
				EB3A8F0D1D585EBC009CC4CD /* CZHumanRefreshView.xib in Resources */,
				EBDF61751D35E3CC008927A5 /* LaunchScreen.storyboard in Resources */,
				EB3A8F0F1D585EBC009CC4CD /* CZMeituanRefreshView.xib in Resources */,
				EBCBC04B1D59BE2D00127C92 /* HMEmoticon.bundle in Resources */,
				EBDF61721D35E3CC008927A5 /* Assets.xcassets in Resources */,
			);
			runOnlyForDeploymentPostprocessing = 0;
		};
/* End PBXResourcesBuildPhase section */

/* Begin PBXShellScriptBuildPhase section */
		686A3E83361FD81EE352ADA4 /* Embed Pods Frameworks */ = {
			isa = PBXShellScriptBuildPhase;
			buildActionMask = 2147483647;
			files = (
			);
			inputPaths = (
			);
			name = "Embed Pods Frameworks";
			outputPaths = (
			);
			runOnlyForDeploymentPostprocessing = 0;
			shellPath = /bin/sh;
			shellScript = "\"${SRCROOT}/Pods/Target Support Files/Pods-ibve/Pods-ibve-frameworks.sh\"\n";
			showEnvVarsInLog = 0;
		};
		8C758EF07312F7DF6BD022EC /* Check Pods Manifest.lock */ = {
			isa = PBXShellScriptBuildPhase;
			buildActionMask = 2147483647;
			files = (
			);
			inputPaths = (
			);
			name = "Check Pods Manifest.lock";
			outputPaths = (
			);
			runOnlyForDeploymentPostprocessing = 0;
			shellPath = /bin/sh;
			shellScript = "diff \"${PODS_ROOT}/../Podfile.lock\" \"${PODS_ROOT}/Manifest.lock\" > /dev/null\nif [[ $? != 0 ]] ; then\n    cat << EOM\nerror: The sandbox is not in sync with the Podfile.lock. Run 'pod install' or update your CocoaPods installation.\nEOM\n    exit 1\nfi\n";
			showEnvVarsInLog = 0;
		};
		EC3B758141D11B0A184202F5 /* Copy Pods Resources */ = {
			isa = PBXShellScriptBuildPhase;
			buildActionMask = 2147483647;
			files = (
			);
			inputPaths = (
			);
			name = "Copy Pods Resources";
			outputPaths = (
			);
			runOnlyForDeploymentPostprocessing = 0;
			shellPath = /bin/sh;
			shellScript = "\"${SRCROOT}/Pods/Target Support Files/Pods-ibve/Pods-ibve-resources.sh\"\n";
			showEnvVarsInLog = 0;
		};
/* End PBXShellScriptBuildPhase section */

/* Begin PBXSourcesBuildPhase section */
		EBDF61631D35E3CC008927A5 /* Sources */ = {
			isa = PBXSourcesBuildPhase;
			buildActionMask = 2147483647;
			files = (
				EB35BBF41D597D4F00E561F0 /* StatusViewModel.swift in Sources */,
				EB7CEE7C1D48B356001195AD /* NetworkManager.swift in Sources */,
				EB7E67D11D3CB73000C41B74 /* NSArray+Log.m in Sources */,
				EB17F7371D5B08F5004C02C5 /* UIImageView+WebImageView.swift in Sources */,
				EB7E67D61D3CB73000C41B74 /* NSString+CZPath.m in Sources */,
				EBCBC04D1D59BE2D00127C92 /* CZEmoticonAttachment.swift in Sources */,
				EBF0C9E31D4F1C5F009995D1 /* NetworkManager+extension.swift in Sources */,
				EBA454BA1D4709E7005F7A60 /* ProfileViewController.swift in Sources */,
				EBCBC04C1D59BE2D00127C92 /* CZEmoticon.swift in Sources */,
				EB7E67D51D3CB73000C41B74 /* NSString+CZHash.m in Sources */,
				EBAD3FA61D4754AD00557454 /* VisitorView.swift in Sources */,
				EB7E67DF1D3CB82800C41B74 /* HomeViewController.swift in Sources */,
				EBDF616B1D35E3CC008927A5 /* AppDelegate.swift in Sources */,
				EBCBC0521D59BE2D00127C92 /* CZEmoticonLayout.swift in Sources */,
				EB7E67DA1D3CB73000C41B74 /* UIScreen+CZAddition.m in Sources */,
				EB7E67D91D3CB73000C41B74 /* UILabel+CZAddition.m in Sources */,
				EB7E67D71D3CB73000C41B74 /* UIButton+CZAddition.m in Sources */,
				EBCE6F9C1D47334A00D1FDE6 /* NewFeatureView.swift in Sources */,
				EBA454B81D4709D1005F7A60 /* DiscoverViewController.swift in Sources */,
				EB7E67D31D3CB73000C41B74 /* NSObject+CZRuntime.m in Sources */,
				EBCBC0541D59BE2D00127C92 /* CZEmoticonToolbar.swift in Sources */,
				EB7E67D41D3CB73000C41B74 /* NSString+CZBase64.m in Sources */,
				EBCBC03C1D59AE0500127C92 /* Date+Extension.swift in Sources */,
				EB7CEE781D4894C0001195AD /* OAuthViewController.swift in Sources */,
				EB3A8F101D585EBC009CC4CD /* CZRefreshControl.swift in Sources */,
				EBCBC03A1D59ADB400127C92 /* String+Extension.swift in Sources */,
				EBA454B61D4709B6005F7A60 /* MessageViewController.swift in Sources */,
				EB7E67DC1D3CB73000C41B74 /* UIViewController+CZAddition.m in Sources */,
				EB7CEE751D48909A001195AD /* Common.swift in Sources */,
				EBCBC04F1D59BE2D00127C92 /* CZEmoticonCell.swift in Sources */,
				EB3A8F111D585EBC009CC4CD /* CZRefreshView.swift in Sources */,
				EBCBC0361D59ABEF00127C92 /* User.swift in Sources */,
				EBCBC0381D59AC0100127C92 /* StatusPicture.swift in Sources */,
				EBCBC04E1D59BE2D00127C92 /* CZEmoticonPackage.swift in Sources */,
				EBCBC0341D59AB1600127C92 /* Status.swift in Sources */,
				EB7E67DB1D3CB73000C41B74 /* UIView+CZAddition.m in Sources */,
				EB7CEE7E1D48B616001195AD /* UserAccount.swift in Sources */,
				EB7E67D21D3CB73000C41B74 /* NSAttributedString+CZAdditon.m in Sources */,
				EB3A8F0E1D585EBC009CC4CD /* CZMeituanRefreshView.swift in Sources */,
				EB6F1D1D1D5B0C5E00CD362D /* UIImage+Extension.swift in Sources */,
				EBCBC0531D59BE2D00127C92 /* CZEmoticonTipView.swift in Sources */,
				EB7CEE7A1D489D86001195AD /* UIBarButtonItem+Extensions.swift in Sources */,
				EBCE6F9E1D47337800D1FDE6 /* WelcomeView.swift in Sources */,
				EB6F1D1F1D5B268B00CD362D /* StatusPictureView.swift in Sources */,
				EB35BBF61D597D6F00E561F0 /* StatusListDAL.swift in Sources */,
				EB7E67D81D3CB73000C41B74 /* UIColor+CZAddition.m in Sources */,
				EBCBC0501D59BE2D00127C92 /* CZEmoticonInputView.swift in Sources */,
				EB35BBF21D59779100E561F0 /* StatusListViewModel.swift in Sources */,
				EB17F7311D5AF490004C02C5 /* StatusCell.swift in Sources */,
				EBDF618A1D362DF7008927A5 /* NavigationController.swift in Sources */,
				EBDF61841D35F075008927A5 /* MainViewController.swift in Sources */,
				EBDF61881D36223D008927A5 /* BaseViewController.swift in Sources */,
				EBCBC04A1D59BE2D00127C92 /* CZEmoticonManager.swift in Sources */,
			);
			runOnlyForDeploymentPostprocessing = 0;
		};
/* End PBXSourcesBuildPhase section */

/* Begin PBXVariantGroup section */
		EBDF61731D35E3CC008927A5 /* LaunchScreen.storyboard */ = {
			isa = PBXVariantGroup;
			children = (
				EBDF61741D35E3CC008927A5 /* Base */,
			);
			name = LaunchScreen.storyboard;
			sourceTree = "<group>";
		};
/* End PBXVariantGroup section */

/* Begin XCBuildConfiguration section */
		EBDF61771D35E3CC008927A5 /* Debug */ = {
			isa = XCBuildConfiguration;
			buildSettings = {
				ALWAYS_SEARCH_USER_PATHS = NO;
				CLANG_ANALYZER_NONNULL = YES;
				CLANG_CXX_LANGUAGE_STANDARD = "gnu++0x";
				CLANG_CXX_LIBRARY = "libc++";
				CLANG_ENABLE_MODULES = YES;
				CLANG_ENABLE_OBJC_ARC = YES;
				CLANG_WARN_BOOL_CONVERSION = YES;
				CLANG_WARN_CONSTANT_CONVERSION = YES;
				CLANG_WARN_DIRECT_OBJC_ISA_USAGE = YES_ERROR;
				CLANG_WARN_DOCUMENTATION_COMMENTS = YES;
				CLANG_WARN_EMPTY_BODY = YES;
				CLANG_WARN_ENUM_CONVERSION = YES;
				CLANG_WARN_INT_CONVERSION = YES;
				CLANG_WARN_OBJC_ROOT_CLASS = YES_ERROR;
				CLANG_WARN_UNREACHABLE_CODE = YES;
				CLANG_WARN__DUPLICATE_METHOD_MATCH = YES;
				"CODE_SIGN_IDENTITY[sdk=iphoneos*]" = "iPhone Developer";
				COPY_PHASE_STRIP = NO;
				DEBUG_INFORMATION_FORMAT = dwarf;
				ENABLE_STRICT_OBJC_MSGSEND = YES;
				ENABLE_TESTABILITY = YES;
				GCC_C_LANGUAGE_STANDARD = gnu99;
				GCC_DYNAMIC_NO_PIC = NO;
				GCC_NO_COMMON_BLOCKS = YES;
				GCC_OPTIMIZATION_LEVEL = 0;
				GCC_PREPROCESSOR_DEFINITIONS = (
					"DEBUG=1",
					"$(inherited)",
				);
				GCC_WARN_64_TO_32_BIT_CONVERSION = YES;
				GCC_WARN_ABOUT_RETURN_TYPE = YES_ERROR;
				GCC_WARN_UNDECLARED_SELECTOR = YES;
				GCC_WARN_UNINITIALIZED_AUTOS = YES_AGGRESSIVE;
				GCC_WARN_UNUSED_FUNCTION = YES;
				GCC_WARN_UNUSED_VARIABLE = YES;
				IPHONEOS_DEPLOYMENT_TARGET = 10.0;
				MTL_ENABLE_DEBUG_INFO = YES;
				ONLY_ACTIVE_ARCH = YES;
				SDKROOT = iphoneos;
				SWIFT_ACTIVE_COMPILATION_CONDITIONS = DEBUG;
				SWIFT_OPTIMIZATION_LEVEL = "-Onone";
				TARGETED_DEVICE_FAMILY = "1,2";
			};
			name = Debug;
		};
		EBDF61781D35E3CC008927A5 /* Release */ = {
			isa = XCBuildConfiguration;
			buildSettings = {
				ALWAYS_SEARCH_USER_PATHS = NO;
				CLANG_ANALYZER_NONNULL = YES;
				CLANG_CXX_LANGUAGE_STANDARD = "gnu++0x";
				CLANG_CXX_LIBRARY = "libc++";
				CLANG_ENABLE_MODULES = YES;
				CLANG_ENABLE_OBJC_ARC = YES;
				CLANG_WARN_BOOL_CONVERSION = YES;
				CLANG_WARN_CONSTANT_CONVERSION = YES;
				CLANG_WARN_DIRECT_OBJC_ISA_USAGE = YES_ERROR;
				CLANG_WARN_DOCUMENTATION_COMMENTS = YES;
				CLANG_WARN_EMPTY_BODY = YES;
				CLANG_WARN_ENUM_CONVERSION = YES;
				CLANG_WARN_INT_CONVERSION = YES;
				CLANG_WARN_OBJC_ROOT_CLASS = YES_ERROR;
				CLANG_WARN_UNREACHABLE_CODE = YES;
				CLANG_WARN__DUPLICATE_METHOD_MATCH = YES;
				"CODE_SIGN_IDENTITY[sdk=iphoneos*]" = "iPhone Developer";
				COPY_PHASE_STRIP = NO;
				DEBUG_INFORMATION_FORMAT = "dwarf-with-dsym";
				ENABLE_NS_ASSERTIONS = NO;
				ENABLE_STRICT_OBJC_MSGSEND = YES;
				GCC_C_LANGUAGE_STANDARD = gnu99;
				GCC_NO_COMMON_BLOCKS = YES;
				GCC_WARN_64_TO_32_BIT_CONVERSION = YES;
				GCC_WARN_ABOUT_RETURN_TYPE = YES_ERROR;
				GCC_WARN_UNDECLARED_SELECTOR = YES;
				GCC_WARN_UNINITIALIZED_AUTOS = YES_AGGRESSIVE;
				GCC_WARN_UNUSED_FUNCTION = YES;
				GCC_WARN_UNUSED_VARIABLE = YES;
				IPHONEOS_DEPLOYMENT_TARGET = 10.0;
				MTL_ENABLE_DEBUG_INFO = NO;
				SDKROOT = iphoneos;
				SWIFT_OPTIMIZATION_LEVEL = "-Owholemodule";
				TARGETED_DEVICE_FAMILY = "1,2";
				VALIDATE_PRODUCT = YES;
			};
			name = Release;
		};
		EBDF617A1D35E3CC008927A5 /* Debug */ = {
			isa = XCBuildConfiguration;
			baseConfigurationReference = 08A00E5CEB9983F5C4C6E1C3 /* Pods-ibve.debug.xcconfig */;
			buildSettings = {
				ASSETCATALOG_COMPILER_APPICON_NAME = AppIcon;
				ASSETCATALOG_COMPILER_LAUNCHIMAGE_NAME = LaunchImage;
				CLANG_ENABLE_MODULES = YES;
				INFOPLIST_FILE = ibve/Info.plist;
				IPHONEOS_DEPLOYMENT_TARGET = 8.0;
				LD_RUNPATH_SEARCH_PATHS = "$(inherited) @executable_path/Frameworks";
				PRODUCT_BUNDLE_IDENTIFIER = "com.iOS-swift.20160422.learn.ibve";
				PRODUCT_NAME = "$(TARGET_NAME)";
				SWIFT_OBJC_BRIDGING_HEADER = "ibve/tools/Additions/ibve-Bridging-Header.h";
				SWIFT_OPTIMIZATION_LEVEL = "-Onone";
				SWIFT_VERSION = 3.0;
				TARGETED_DEVICE_FAMILY = "1,2";
			};
			name = Debug;
		};
		EBDF617B1D35E3CC008927A5 /* Release */ = {
			isa = XCBuildConfiguration;
			baseConfigurationReference = A54172B5299BBF9936C51665 /* Pods-ibve.release.xcconfig */;
			buildSettings = {
				ASSETCATALOG_COMPILER_APPICON_NAME = AppIcon;
				ASSETCATALOG_COMPILER_LAUNCHIMAGE_NAME = LaunchImage;
				CLANG_ENABLE_MODULES = YES;
				INFOPLIST_FILE = ibve/Info.plist;
				IPHONEOS_DEPLOYMENT_TARGET = 8.0;
				LD_RUNPATH_SEARCH_PATHS = "$(inherited) @executable_path/Frameworks";
				PRODUCT_BUNDLE_IDENTIFIER = "com.iOS-swift.20160422.learn.ibve";
				PRODUCT_NAME = "$(TARGET_NAME)";
				SWIFT_OBJC_BRIDGING_HEADER = "ibve/tools/Additions/ibve-Bridging-Header.h";
				SWIFT_VERSION = 3.0;
				TARGETED_DEVICE_FAMILY = "1,2";
			};
			name = Release;
		};
/* End XCBuildConfiguration section */

/* Begin XCConfigurationList section */
		EBDF61621D35E3CC008927A5 /* Build configuration list for PBXProject "ibve" */ = {
			isa = XCConfigurationList;
			buildConfigurations = (
				EBDF61771D35E3CC008927A5 /* Debug */,
				EBDF61781D35E3CC008927A5 /* Release */,
			);
			defaultConfigurationIsVisible = 0;
			defaultConfigurationName = Release;
		};
		EBDF61791D35E3CC008927A5 /* Build configuration list for PBXNativeTarget "ibve" */ = {
			isa = XCConfigurationList;
			buildConfigurations = (
				EBDF617A1D35E3CC008927A5 /* Debug */,
				EBDF617B1D35E3CC008927A5 /* Release */,
			);
			defaultConfigurationIsVisible = 0;
			defaultConfigurationName = Release;
		};
/* End XCConfigurationList section */
	};
	rootObject = EBDF615F1D35E3CC008927A5 /* Project object */;
}
